
Microsoft Visual Studio Solution File, Format Version 12.00
# Visual Studio Version 16
VisualStudioVersion = 16.0.30621.155
MinimumVisualStudioVersion = 10.0.40219.1
Project("{FAE04EC0-301F-11D3-BF4B-00C04F79EFBC}") = "Anegrului_Cosmina_Lab6", "Anegrului_Cosmina_Lab6\Anegrului_Cosmina_Lab6.csproj", "{465A8CD9-0016-4662-A6AC-C1AB4261CD24}"
EndProject
Project("{FAE04EC0-301F-11D3-BF4B-00C04F79EFBC}") = "AutoLotModel", "AutoLotModel\AutoLotModel.csproj", "{4FC595D4-200C-402F-9CE8-E0B0B52322CD}"
EndProject
Global
	GlobalSection(SolutionConfigurationPlatforms) = preSolution
		Debug|Any CPU = Debug|Any CPU
		Release|Any CPU = Release|Any CPU
	EndGlobalSection
	GlobalSection(ProjectConfigurationPlatforms) = postSolution
		{465A8CD9-0016-4662-A6AC-C1AB4261CD24}.Debug|Any CPU.ActiveCfg = Debug|Any CPU
		{465A8CD9-0016-4662-A6AC-C1AB4261CD24}.Debug|Any CPU.Build.0 = Debug|Any CPU
		{465A8CD9-0016-4662-A6AC-C1AB4261CD24}.Release|Any CPU.ActiveCfg = Release|Any CPU
		{465A8CD9-0016-4662-A6AC-C1AB4261CD24}.Release|Any CPU.Build.0 = Release|Any CPU
		{4FC595D4-200C-402F-9CE8-E0B0B52322CD}.Debug|Any CPU.ActiveCfg = Debug|Any CPU
		{4FC595D4-200C-402F-9CE8-E0B0B52322CD}.Debug|Any CPU.Build.0 = Debug|Any CPU
		{4FC595D4-200C-402F-9CE8-E0B0B52322CD}.Release|Any CPU.ActiveCfg = Release|Any CPU
		{4FC595D4-200C-402F-9CE8-E0B0B52322CD}.Release|Any CPU.Build.0 = Release|Any CPU
	EndGlobalSection
	GlobalSection(SolutionProperties) = preSolution
		HideSolutionNode = FALSE
	EndGlobalSection
	GlobalSection(ExtensibilityGlobals) = postSolution
		SolutionGuid = {8059801E-19DB-4DC9-A90C-B95B71C5D681}
	EndGlobalSection
EndGlobal
